
Microsoft Visual Studio Solution File, Format Version 12.00
# Visual Studio 15
VisualStudioVersion = 15.0.27428.2005
MinimumVisualStudioVersion = 10.0.40219.1
Project("{FAE04EC0-301F-11D3-BF4B-00C04F79EFBC}") = "EFCodeFirst", "EFCodeFirst\EFCodeFirst.csproj", "{B559F28F-76B3-4163-88CE-8E739050EAF8}"
EndProject
Global
	GlobalSection(SolutionConfigurationPlatforms) = preSolution
		Debug|Any CPU = Debug|Any CPU
		Release|Any CPU = Release|Any CPU
	EndGlobalSection
	GlobalSection(ProjectConfigurationPlatforms) = postSolution
		{B559F28F-76B3-4163-88CE-8E739050EAF8}.Debug|Any CPU.ActiveCfg = Debug|Any CPU
		{B559F28F-76B3-4163-88CE-8E739050EAF8}.Debug|Any CPU.Build.0 = Debug|Any CPU
		{B559F28F-76B3-4163-88CE-8E739050EAF8}.Release|Any CPU.ActiveCfg = Release|Any CPU
		{B559F28F-76B3-4163-88CE-8E739050EAF8}.Release|Any CPU.Build.0 = Release|Any CPU
	EndGlobalSection
	GlobalSection(SolutionProperties) = preSolution
		HideSolutionNode = FALSE
	EndGlobalSection
	GlobalSection(ExtensibilityGlobals) = postSolution
		SolutionGuid = {F983CAF3-8E75-48BD-A9C0-5E5A85D92B29}
	EndGlobalSection
EndGlobal
